
Microsoft Visual Studio Solution File, Format Version 11.00
# Visual Studio 2010
Project("{FAE04EC0-301F-11D3-BF4B-00C04F79EFBC}") = "JSCombiner", "JSCombiner.csproj", "{54D7183E-C7ED-4D5A-86D4-8912C11B1B7B}"
EndProject
Project("{FAE04EC0-301F-11D3-BF4B-00C04F79EFBC}") = "JSCombinerTest", "..\JSCombinerTest\JSCombinerTest.csproj", "{07CA5F13-3362-446D-933B-2672CBC6D9AE}"
EndProject
Project("{2150E333-8FDC-42A3-9474-1A3956D46DE8}") = "Solution Items", "Solution Items", "{610B19A0-E426-4CD9-BFF4-399F5E6B8799}"
	ProjectSection(SolutionItems) = preProject
		JSCombiner.vsmdi = JSCombiner.vsmdi
		Local.testsettings = Local.testsettings
		TraceAndTestImpact.testsettings = TraceAndTestImpact.testsettings
	EndProjectSection
EndProject
Global
	GlobalSection(TestCaseManagementSettings) = postSolution
		CategoryFile = JSCombiner.vsmdi
	EndGlobalSection
	GlobalSection(SolutionConfigurationPlatforms) = preSolution
		Debug|Any CPU = Debug|Any CPU
		Debug|Mixed Platforms = Debug|Mixed Platforms
		Debug|x86 = Debug|x86
		Release|Any CPU = Release|Any CPU
		Release|Mixed Platforms = Release|Mixed Platforms
		Release|x86 = Release|x86
	EndGlobalSection
	GlobalSection(ProjectConfigurationPlatforms) = postSolution
		{54D7183E-C7ED-4D5A-86D4-8912C11B1B7B}.Debug|Any CPU.ActiveCfg = Debug|x86
		{54D7183E-C7ED-4D5A-86D4-8912C11B1B7B}.Debug|Mixed Platforms.ActiveCfg = Debug|x86
		{54D7183E-C7ED-4D5A-86D4-8912C11B1B7B}.Debug|Mixed Platforms.Build.0 = Debug|x86
		{54D7183E-C7ED-4D5A-86D4-8912C11B1B7B}.Debug|x86.ActiveCfg = Debug|x86
		{54D7183E-C7ED-4D5A-86D4-8912C11B1B7B}.Debug|x86.Build.0 = Debug|x86
		{54D7183E-C7ED-4D5A-86D4-8912C11B1B7B}.Release|Any CPU.ActiveCfg = Release|x86
		{54D7183E-C7ED-4D5A-86D4-8912C11B1B7B}.Release|Mixed Platforms.ActiveCfg = Release|x86
		{54D7183E-C7ED-4D5A-86D4-8912C11B1B7B}.Release|Mixed Platforms.Build.0 = Release|x86
		{54D7183E-C7ED-4D5A-86D4-8912C11B1B7B}.Release|x86.ActiveCfg = Release|x86
		{54D7183E-C7ED-4D5A-86D4-8912C11B1B7B}.Release|x86.Build.0 = Release|x86
		{07CA5F13-3362-446D-933B-2672CBC6D9AE}.Debug|Any CPU.ActiveCfg = Debug|Any CPU
		{07CA5F13-3362-446D-933B-2672CBC6D9AE}.Debug|Any CPU.Build.0 = Debug|Any CPU
		{07CA5F13-3362-446D-933B-2672CBC6D9AE}.Debug|Mixed Platforms.ActiveCfg = Debug|Any CPU
		{07CA5F13-3362-446D-933B-2672CBC6D9AE}.Debug|Mixed Platforms.Build.0 = Debug|Any CPU
		{07CA5F13-3362-446D-933B-2672CBC6D9AE}.Debug|x86.ActiveCfg = Debug|Any CPU
		{07CA5F13-3362-446D-933B-2672CBC6D9AE}.Release|Any CPU.ActiveCfg = Release|Any CPU
		{07CA5F13-3362-446D-933B-2672CBC6D9AE}.Release|Any CPU.Build.0 = Release|Any CPU
		{07CA5F13-3362-446D-933B-2672CBC6D9AE}.Release|Mixed Platforms.ActiveCfg = Release|Any CPU
		{07CA5F13-3362-446D-933B-2672CBC6D9AE}.Release|Mixed Platforms.Build.0 = Release|Any CPU
		{07CA5F13-3362-446D-933B-2672CBC6D9AE}.Release|x86.ActiveCfg = Release|Any CPU
	EndGlobalSection
	GlobalSection(SolutionProperties) = preSolution
		HideSolutionNode = FALSE
	EndGlobalSection
EndGlobal
